
Microsoft Visual Studio Solution File, Format Version 12.00
# Visual Studio Version 17
VisualStudioVersion = 17.1.32210.238
MinimumVisualStudioVersion = 10.0.40219.1
Project("{FAE04EC0-301F-11D3-BF4B-00C04F79EFBC}") = "StudentProject", "StudentProject\StudentProject.csproj", "{F1923613-E817-4885-947F-57F07241D388}"
EndProject
Global
	GlobalSection(SolutionConfigurationPlatforms) = preSolution
		Debug|Any CPU = Debug|Any CPU
		Release|Any CPU = Release|Any CPU
	EndGlobalSection
	GlobalSection(ProjectConfigurationPlatforms) = postSolution
		{F1923613-E817-4885-947F-57F07241D388}.Debug|Any CPU.ActiveCfg = Debug|Any CPU
		{F1923613-E817-4885-947F-57F07241D388}.Debug|Any CPU.Build.0 = Debug|Any CPU
		{F1923613-E817-4885-947F-57F07241D388}.Release|Any CPU.ActiveCfg = Release|Any CPU
		{F1923613-E817-4885-947F-57F07241D388}.Release|Any CPU.Build.0 = Release|Any CPU
	EndGlobalSection
	GlobalSection(SolutionProperties) = preSolution
		HideSolutionNode = FALSE
	EndGlobalSection
	GlobalSection(ExtensibilityGlobals) = postSolution
		SolutionGuid = {60C99D42-9038-43F2-BE63-3FE9D1606E74}
	EndGlobalSection
EndGlobal
