
Microsoft Visual Studio Solution File, Format Version 12.00
# Visual Studio Version 17
VisualStudioVersion = 17.1.32210.238
MinimumVisualStudioVersion = 10.0.40219.1
Project("{FAE04EC0-301F-11D3-BF4B-00C04F79EFBC}") = "DropDown", "DropDown\DropDown.csproj", "{D610B420-0EBB-47A4-BCAB-6FAFA5C24C9E}"
EndProject
Global
	GlobalSection(SolutionConfigurationPlatforms) = preSolution
		Debug|Any CPU = Debug|Any CPU
		Release|Any CPU = Release|Any CPU
	EndGlobalSection
	GlobalSection(ProjectConfigurationPlatforms) = postSolution
		{D610B420-0EBB-47A4-BCAB-6FAFA5C24C9E}.Debug|Any CPU.ActiveCfg = Debug|Any CPU
		{D610B420-0EBB-47A4-BCAB-6FAFA5C24C9E}.Debug|Any CPU.Build.0 = Debug|Any CPU
		{D610B420-0EBB-47A4-BCAB-6FAFA5C24C9E}.Release|Any CPU.ActiveCfg = Release|Any CPU
		{D610B420-0EBB-47A4-BCAB-6FAFA5C24C9E}.Release|Any CPU.Build.0 = Release|Any CPU
	EndGlobalSection
	GlobalSection(SolutionProperties) = preSolution
		HideSolutionNode = FALSE
	EndGlobalSection
	GlobalSection(ExtensibilityGlobals) = postSolution
		SolutionGuid = {500E2F80-8748-4169-926A-94E6AB7EF84E}
	EndGlobalSection
EndGlobal
